
Microsoft Visual Studio Solution File, Format Version 12.00
# Visual Studio Version 17
VisualStudioVersion = 17.6.33829.357
MinimumVisualStudioVersion = 10.0.40219.1
Project("{FAE04EC0-301F-11D3-BF4B-00C04F79EFBC}") = "ControleDeContatos", "ControleDeContatos\ControleDeContatos.csproj", "{F3B0D19E-9A2F-4ACF-94AD-C8DD182BCDAA}"
EndProject
Global
	GlobalSection(SolutionConfigurationPlatforms) = preSolution
		Debug|Any CPU = Debug|Any CPU
		Release|Any CPU = Release|Any CPU
	EndGlobalSection
	GlobalSection(ProjectConfigurationPlatforms) = postSolution
		{F3B0D19E-9A2F-4ACF-94AD-C8DD182BCDAA}.Debug|Any CPU.ActiveCfg = Debug|Any CPU
		{F3B0D19E-9A2F-4ACF-94AD-C8DD182BCDAA}.Debug|Any CPU.Build.0 = Debug|Any CPU
		{F3B0D19E-9A2F-4ACF-94AD-C8DD182BCDAA}.Release|Any CPU.ActiveCfg = Release|Any CPU
		{F3B0D19E-9A2F-4ACF-94AD-C8DD182BCDAA}.Release|Any CPU.Build.0 = Release|Any CPU
	EndGlobalSection
	GlobalSection(SolutionProperties) = preSolution
		HideSolutionNode = FALSE
	EndGlobalSection
	GlobalSection(ExtensibilityGlobals) = postSolution
		SolutionGuid = {DFCA3621-8551-49AE-B724-412C72405955}
	EndGlobalSection
EndGlobal
